
Microsoft Visual Studio Solution File, Format Version 12.00
# Visual Studio Version 16
VisualStudioVersion = 16.0.30225.117
MinimumVisualStudioVersion = 10.0.40219.1
Project("{FAE04EC0-301F-11D3-BF4B-00C04F79EFBC}") = "RogueLNames", "RogueLNames\RogueLNames.csproj", "{CA2FB442-3F07-4573-A938-FCD46AD5DE97}"
EndProject
Project("{9A19103F-16F7-4668-BE54-9A1E7A4F7556}") = "RogueL2Mod", "RogueL2Mod\RogueL2Mod.csproj", "{98626779-5B04-4555-B9EF-56343C68D21A}"
EndProject
Project("{FAE04EC0-301F-11D3-BF4B-00C04F79EFBC}") = "ResourceCounters", "ResourceCounters\ResourceCounters.csproj", "{72A3A386-9AFC-40B0-A683-0074DC8885CA}"
EndProject
Global
	GlobalSection(SolutionConfigurationPlatforms) = preSolution
		Debug|Any CPU = Debug|Any CPU
		Release|Any CPU = Release|Any CPU
	EndGlobalSection
	GlobalSection(ProjectConfigurationPlatforms) = postSolution
		{CA2FB442-3F07-4573-A938-FCD46AD5DE97}.Debug|Any CPU.ActiveCfg = Debug|Any CPU
		{CA2FB442-3F07-4573-A938-FCD46AD5DE97}.Debug|Any CPU.Build.0 = Debug|Any CPU
		{CA2FB442-3F07-4573-A938-FCD46AD5DE97}.Release|Any CPU.ActiveCfg = Release|Any CPU
		{CA2FB442-3F07-4573-A938-FCD46AD5DE97}.Release|Any CPU.Build.0 = Release|Any CPU
		{98626779-5B04-4555-B9EF-56343C68D21A}.Debug|Any CPU.ActiveCfg = Debug|Any CPU
		{98626779-5B04-4555-B9EF-56343C68D21A}.Debug|Any CPU.Build.0 = Debug|Any CPU
		{98626779-5B04-4555-B9EF-56343C68D21A}.Release|Any CPU.ActiveCfg = Release|Any CPU
		{98626779-5B04-4555-B9EF-56343C68D21A}.Release|Any CPU.Build.0 = Release|Any CPU
		{72A3A386-9AFC-40B0-A683-0074DC8885CA}.Debug|Any CPU.ActiveCfg = Debug|Any CPU
		{72A3A386-9AFC-40B0-A683-0074DC8885CA}.Debug|Any CPU.Build.0 = Debug|Any CPU
		{72A3A386-9AFC-40B0-A683-0074DC8885CA}.Release|Any CPU.ActiveCfg = Release|Any CPU
		{72A3A386-9AFC-40B0-A683-0074DC8885CA}.Release|Any CPU.Build.0 = Release|Any CPU
	EndGlobalSection
	GlobalSection(SolutionProperties) = preSolution
		HideSolutionNode = FALSE
	EndGlobalSection
	GlobalSection(ExtensibilityGlobals) = postSolution
		SolutionGuid = {DAB95128-5A48-4EAB-9155-BDD3604B2618}
	EndGlobalSection
EndGlobal
